
Microsoft Visual Studio Solution File, Format Version 12.00
# Visual Studio Version 17
VisualStudioVersion = 17.8.34330.188
MinimumVisualStudioVersion = 10.0.40219.1
Project("{9A19103F-16F7-4668-BE54-9A1E7A4F7556}") = "Resume01", "Resume01\Resume01.csproj", "{934A5904-1D8A-4578-A6BD-A75710D1DEBB}"
EndProject
Project("{9A19103F-16F7-4668-BE54-9A1E7A4F7556}") = "ResumeDto", "ResumeDto\ResumeDto.csproj", "{8A81B99A-B864-499B-89B0-DC0936972916}"
EndProject
Project("{9A19103F-16F7-4668-BE54-9A1E7A4F7556}") = "ResumeAPI", "ResumeAPI\ResumeAPI.csproj", "{A3A48568-255B-4920-AA41-59CE64E5106F}"
EndProject
Global
	GlobalSection(SolutionConfigurationPlatforms) = preSolution
		Debug|Any CPU = Debug|Any CPU
		Release|Any CPU = Release|Any CPU
	EndGlobalSection
	GlobalSection(ProjectConfigurationPlatforms) = postSolution
		{934A5904-1D8A-4578-A6BD-A75710D1DEBB}.Debug|Any CPU.ActiveCfg = Debug|Any CPU
		{934A5904-1D8A-4578-A6BD-A75710D1DEBB}.Debug|Any CPU.Build.0 = Debug|Any CPU
		{934A5904-1D8A-4578-A6BD-A75710D1DEBB}.Release|Any CPU.ActiveCfg = Release|Any CPU
		{934A5904-1D8A-4578-A6BD-A75710D1DEBB}.Release|Any CPU.Build.0 = Release|Any CPU
		{8A81B99A-B864-499B-89B0-DC0936972916}.Debug|Any CPU.ActiveCfg = Debug|Any CPU
		{8A81B99A-B864-499B-89B0-DC0936972916}.Debug|Any CPU.Build.0 = Debug|Any CPU
		{8A81B99A-B864-499B-89B0-DC0936972916}.Release|Any CPU.ActiveCfg = Release|Any CPU
		{8A81B99A-B864-499B-89B0-DC0936972916}.Release|Any CPU.Build.0 = Release|Any CPU
		{A3A48568-255B-4920-AA41-59CE64E5106F}.Debug|Any CPU.ActiveCfg = Debug|Any CPU
		{A3A48568-255B-4920-AA41-59CE64E5106F}.Debug|Any CPU.Build.0 = Debug|Any CPU
		{A3A48568-255B-4920-AA41-59CE64E5106F}.Release|Any CPU.ActiveCfg = Release|Any CPU
		{A3A48568-255B-4920-AA41-59CE64E5106F}.Release|Any CPU.Build.0 = Release|Any CPU
	EndGlobalSection
	GlobalSection(SolutionProperties) = preSolution
		HideSolutionNode = FALSE
	EndGlobalSection
	GlobalSection(ExtensibilityGlobals) = postSolution
		SolutionGuid = {09F93B5F-5A70-45B1-91E0-F6D0B51CFA8D}
	EndGlobalSection
EndGlobal
